// !$*UTF8*$!
{
	archiveVersion = 1;
	classes = {
	};
	objectVersion = 50;
	objects = {

/* Begin PBXBuildFile section */
		03274CEB26B039CE00B78A54 /* AddNewCat.storyboard in Resources */ = {isa = PBXBuildFile; fileRef = 03274CEA26B039CE00B78A54 /* AddNewCat.storyboard */; };
		F94AD29326AEEDCA005686ED /* Cats+CoreDataClass.swift in Sources */ = {isa = PBXBuildFile; fileRef = F94AD28F26AEEDCA005686ED /* Cats+CoreDataClass.swift */; };
		F94AD29426AEEDCA005686ED /* Cats+CoreDataProperties.swift in Sources */ = {isa = PBXBuildFile; fileRef = F94AD29026AEEDCA005686ED /* Cats+CoreDataProperties.swift */; };
		F94AD29526AEEDCA005686ED /* Activity+CoreDataClass.swift in Sources */ = {isa = PBXBuildFile; fileRef = F94AD29126AEEDCA005686ED /* Activity+CoreDataClass.swift */; };
		F94AD29626AEEDCA005686ED /* Activity+CoreDataProperties.swift in Sources */ = {isa = PBXBuildFile; fileRef = F94AD29226AEEDCA005686ED /* Activity+CoreDataProperties.swift */; };
		F94AD29826AEF19D005686ED /* UiCustom.swift in Sources */ = {isa = PBXBuildFile; fileRef = F94AD29726AEF19D005686ED /* UiCustom.swift */; };
		F995E4F426A99E9700DA5C50 /* AppDelegate.swift in Sources */ = {isa = PBXBuildFile; fileRef = F995E4F326A99E9700DA5C50 /* AppDelegate.swift */; };
		F995E4F626A99E9700DA5C50 /* SceneDelegate.swift in Sources */ = {isa = PBXBuildFile; fileRef = F995E4F526A99E9700DA5C50 /* SceneDelegate.swift */; };
		F995E4F826A99E9700DA5C50 /* ViewController.swift in Sources */ = {isa = PBXBuildFile; fileRef = F995E4F726A99E9700DA5C50 /* ViewController.swift */; };
		F995E4FB26A99E9700DA5C50 /* Main.storyboard in Resources */ = {isa = PBXBuildFile; fileRef = F995E4F926A99E9700DA5C50 /* Main.storyboard */; };
		F995E4FE26A99E9700DA5C50 /* meng_app.xcdatamodeld in Sources */ = {isa = PBXBuildFile; fileRef = F995E4FC26A99E9700DA5C50 /* meng_app.xcdatamodeld */; };
		F995E50026A99E9800DA5C50 /* Assets.xcassets in Resources */ = {isa = PBXBuildFile; fileRef = F995E4FF26A99E9800DA5C50 /* Assets.xcassets */; };
		F995E50326A99E9800DA5C50 /* LaunchScreen.storyboard in Resources */ = {isa = PBXBuildFile; fileRef = F995E50126A99E9800DA5C50 /* LaunchScreen.storyboard */; };
		F995E51626A9A9D000DA5C50 /* DashboardViewController.swift in Sources */ = {isa = PBXBuildFile; fileRef = F995E51526A9A9D000DA5C50 /* DashboardViewController.swift */; };
		F995E51B26A9AA5200DA5C50 /* DashboardCellViewController.swift in Sources */ = {isa = PBXBuildFile; fileRef = F995E51926A9AA5200DA5C50 /* DashboardCellViewController.swift */; };
		F995E51C26A9AA5200DA5C50 /* DashboardCellViewController.xib in Resources */ = {isa = PBXBuildFile; fileRef = F995E51A26A9AA5200DA5C50 /* DashboardCellViewController.xib */; };
		F9A45AC526AD390D00B64134 /* Calendar.storyboard in Resources */ = {isa = PBXBuildFile; fileRef = F9A45AC326AD390D00B64134 /* Calendar.storyboard */; };
		F9A45AC726AD392E00B64134 /* Dashboard.storyboard in Resources */ = {isa = PBXBuildFile; fileRef = F9A45AC626AD392E00B64134 /* Dashboard.storyboard */; };
		F9A45ACA26AD393D00B64134 /* Cats.storyboard in Resources */ = {isa = PBXBuildFile; fileRef = F9A45AC826AD393D00B64134 /* Cats.storyboard */; };
/* End PBXBuildFile section */

/* Begin PBXFileReference section */
		03274CEA26B039CE00B78A54 /* AddNewCat.storyboard */ = {isa = PBXFileReference; lastKnownFileType = file.storyboard; path = AddNewCat.storyboard; sourceTree = "<group>"; };
		F94AD28F26AEEDCA005686ED /* Cats+CoreDataClass.swift */ = {isa = PBXFileReference; lastKnownFileType = sourcecode.swift; path = "Cats+CoreDataClass.swift"; sourceTree = "<group>"; };
		F94AD29026AEEDCA005686ED /* Cats+CoreDataProperties.swift */ = {isa = PBXFileReference; lastKnownFileType = sourcecode.swift; path = "Cats+CoreDataProperties.swift"; sourceTree = "<group>"; };
		F94AD29126AEEDCA005686ED /* Activity+CoreDataClass.swift */ = {isa = PBXFileReference; lastKnownFileType = sourcecode.swift; path = "Activity+CoreDataClass.swift"; sourceTree = "<group>"; };
		F94AD29226AEEDCA005686ED /* Activity+CoreDataProperties.swift */ = {isa = PBXFileReference; lastKnownFileType = sourcecode.swift; path = "Activity+CoreDataProperties.swift"; sourceTree = "<group>"; };
		F94AD29726AEF19D005686ED /* UiCustom.swift */ = {isa = PBXFileReference; lastKnownFileType = sourcecode.swift; path = UiCustom.swift; sourceTree = "<group>"; };
		F995E4F026A99E9700DA5C50 /* meng-app.app */ = {isa = PBXFileReference; explicitFileType = wrapper.application; includeInIndex = 0; path = "meng-app.app"; sourceTree = BUILT_PRODUCTS_DIR; };
		F995E4F326A99E9700DA5C50 /* AppDelegate.swift */ = {isa = PBXFileReference; lastKnownFileType = sourcecode.swift; path = AppDelegate.swift; sourceTree = "<group>"; };
		F995E4F526A99E9700DA5C50 /* SceneDelegate.swift */ = {isa = PBXFileReference; lastKnownFileType = sourcecode.swift; path = SceneDelegate.swift; sourceTree = "<group>"; };
		F995E4F726A99E9700DA5C50 /* ViewController.swift */ = {isa = PBXFileReference; lastKnownFileType = sourcecode.swift; path = ViewController.swift; sourceTree = "<group>"; };
		F995E4FA26A99E9700DA5C50 /* Base */ = {isa = PBXFileReference; lastKnownFileType = file.storyboard; name = Base; path = Base.lproj/Main.storyboard; sourceTree = "<group>"; };
		F995E4FD26A99E9700DA5C50 /* meng_app.xcdatamodel */ = {isa = PBXFileReference; lastKnownFileType = wrapper.xcdatamodel; path = meng_app.xcdatamodel; sourceTree = "<group>"; };
		F995E4FF26A99E9800DA5C50 /* Assets.xcassets */ = {isa = PBXFileReference; lastKnownFileType = folder.assetcatalog; path = Assets.xcassets; sourceTree = "<group>"; };
		F995E50226A99E9800DA5C50 /* Base */ = {isa = PBXFileReference; lastKnownFileType = file.storyboard; name = Base; path = Base.lproj/LaunchScreen.storyboard; sourceTree = "<group>"; };
		F995E50426A99E9800DA5C50 /* Info.plist */ = {isa = PBXFileReference; lastKnownFileType = text.plist.xml; path = Info.plist; sourceTree = "<group>"; };
		F995E51526A9A9D000DA5C50 /* DashboardViewController.swift */ = {isa = PBXFileReference; lastKnownFileType = sourcecode.swift; path = DashboardViewController.swift; sourceTree = "<group>"; };
		F995E51926A9AA5200DA5C50 /* DashboardCellViewController.swift */ = {isa = PBXFileReference; lastKnownFileType = sourcecode.swift; path = DashboardCellViewController.swift; sourceTree = "<group>"; };
		F995E51A26A9AA5200DA5C50 /* DashboardCellViewController.xib */ = {isa = PBXFileReference; lastKnownFileType = file.xib; path = DashboardCellViewController.xib; sourceTree = "<group>"; };
		F9A45AC426AD390D00B64134 /* Base */ = {isa = PBXFileReference; lastKnownFileType = file.storyboard; name = Base; path = "meng-app/View/Dashboards/Base.lproj/Calendar.storyboard"; sourceTree = "<group>"; };
		F9A45AC626AD392E00B64134 /* Dashboard.storyboard */ = {isa = PBXFileReference; fileEncoding = 4; lastKnownFileType = file.storyboard; path = Dashboard.storyboard; sourceTree = "<group>"; };
		F9A45AC926AD393D00B64134 /* Base */ = {isa = PBXFileReference; lastKnownFileType = file.storyboard; name = Base; path = "meng-app/View/Dashboards/Base.lproj/Cats.storyboard"; sourceTree = "<group>"; };
/* End PBXFileReference section */

/* Begin PBXFrameworksBuildPhase section */
		F995E4ED26A99E9700DA5C50 /* Frameworks */ = {
			isa = PBXFrameworksBuildPhase;
			buildActionMask = 2147483647;
			files = (
			);
			runOnlyForDeploymentPostprocessing = 0;
		};
/* End PBXFrameworksBuildPhase section */

/* Begin PBXGroup section */
		03274CE926B039A500B78A54 /* AddNewCat */ = {
			isa = PBXGroup;
			children = (
				03274CEA26B039CE00B78A54 /* AddNewCat.storyboard */,
			);
			path = AddNewCat;
			sourceTree = "<group>";
		};
		F995E4E726A99E9700DA5C50 = {
			isa = PBXGroup;
			children = (
				F995E4F226A99E9700DA5C50 /* meng-app */,
				F995E4F126A99E9700DA5C50 /* Products */,
			);
			sourceTree = "<group>";
		};
		F995E4F126A99E9700DA5C50 /* Products */ = {
			isa = PBXGroup;
			children = (
				F995E4F026A99E9700DA5C50 /* meng-app.app */,
			);
			name = Products;
			sourceTree = "<group>";
		};
		F995E4F226A99E9700DA5C50 /* meng-app */ = {
			isa = PBXGroup;
			children = (
				F995E51026A9A88E00DA5C50 /* Delegate */,
				F995E50F26A9A01300DA5C50 /* Helper */,
				F995E50E26A99FAA00DA5C50 /* Extensions */,
				F995E50D26A99F9800DA5C50 /* CoreData */,
				F995E50B26A99EC100DA5C50 /* Model */,
				F995E50C26A99EC700DA5C50 /* Controller */,
				F995E50A26A99EBC00DA5C50 /* View */,
				F995E4FF26A99E9800DA5C50 /* Assets.xcassets */,
				F995E50426A99E9800DA5C50 /* Info.plist */,
			);
			path = "meng-app";
			sourceTree = "<group>";
		};
		F995E50A26A99EBC00DA5C50 /* View */ = {
			isa = PBXGroup;
			children = (
				03274CE926B039A500B78A54 /* AddNewCat */,
				F9A45ACC26AD395700B64134 /* Calendar */,
				F9A45ACB26AD395100B64134 /* Cats */,
				F995E51326A9A9AC00DA5C50 /* Dashboards */,
				F995E4F926A99E9700DA5C50 /* Main.storyboard */,
				F995E50126A99E9800DA5C50 /* LaunchScreen.storyboard */,
			);
			path = View;
			sourceTree = "<group>";
		};
		F995E50B26A99EC100DA5C50 /* Model */ = {
			isa = PBXGroup;
			children = (
				F94AD28F26AEEDCA005686ED /* Cats+CoreDataClass.swift */,
				F94AD29026AEEDCA005686ED /* Cats+CoreDataProperties.swift */,
				F94AD29126AEEDCA005686ED /* Activity+CoreDataClass.swift */,
				F94AD29226AEEDCA005686ED /* Activity+CoreDataProperties.swift */,
			);
			path = Model;
			sourceTree = "<group>";
		};
		F995E50C26A99EC700DA5C50 /* Controller */ = {
			isa = PBXGroup;
			children = (
				F995E51426A9A9B500DA5C50 /* Dashboard */,
				F995E4F726A99E9700DA5C50 /* ViewController.swift */,
			);
			path = Controller;
			sourceTree = "<group>";
		};
		F995E50D26A99F9800DA5C50 /* CoreData */ = {
			isa = PBXGroup;
			children = (
				F995E4FC26A99E9700DA5C50 /* meng_app.xcdatamodeld */,
			);
			path = CoreData;
			sourceTree = "<group>";
		};
		F995E50E26A99FAA00DA5C50 /* Extensions */ = {
			isa = PBXGroup;
			children = (
				F94AD29726AEF19D005686ED /* UiCustom.swift */,
			);
			path = Extensions;
			sourceTree = "<group>";
		};
		F995E50F26A9A01300DA5C50 /* Helper */ = {
			isa = PBXGroup;
			children = (
			);
			path = Helper;
			sourceTree = "<group>";
		};
		F995E51026A9A88E00DA5C50 /* Delegate */ = {
			isa = PBXGroup;
			children = (
				F995E4F526A99E9700DA5C50 /* SceneDelegate.swift */,
				F995E4F326A99E9700DA5C50 /* AppDelegate.swift */,
			);
			path = Delegate;
			sourceTree = "<group>";
		};
		F995E51326A9A9AC00DA5C50 /* Dashboards */ = {
			isa = PBXGroup;
			children = (
				F9A45AC626AD392E00B64134 /* Dashboard.storyboard */,
				F995E51826A9AA1A00DA5C50 /* DashboardCell */,
			);
			path = Dashboards;
			sourceTree = "<group>";
		};
		F995E51426A9A9B500DA5C50 /* Dashboard */ = {
			isa = PBXGroup;
			children = (
				F995E51526A9A9D000DA5C50 /* DashboardViewController.swift */,
			);
			path = Dashboard;
			sourceTree = "<group>";
		};
		F995E51826A9AA1A00DA5C50 /* DashboardCell */ = {
			isa = PBXGroup;
			children = (
				F995E51926A9AA5200DA5C50 /* DashboardCellViewController.swift */,
				F995E51A26A9AA5200DA5C50 /* DashboardCellViewController.xib */,
			);
			path = DashboardCell;
			sourceTree = "<group>";
		};
		F9A45ACB26AD395100B64134 /* Cats */ = {
			isa = PBXGroup;
			children = (
				F9A45AC826AD393D00B64134 /* Cats.storyboard */,
			);
			path = Cats;
			sourceTree = "<group>";
		};
		F9A45ACC26AD395700B64134 /* Calendar */ = {
			isa = PBXGroup;
			children = (
				F9A45AC326AD390D00B64134 /* Calendar.storyboard */,
			);
			path = Calendar;
			sourceTree = "<group>";
		};
/* End PBXGroup section */

/* Begin PBXNativeTarget section */
		F995E4EF26A99E9700DA5C50 /* meng-app */ = {
			isa = PBXNativeTarget;
			buildConfigurationList = F995E50726A99E9800DA5C50 /* Build configuration list for PBXNativeTarget "meng-app" */;
			buildPhases = (
				F995E4EC26A99E9700DA5C50 /* Sources */,
				F995E4ED26A99E9700DA5C50 /* Frameworks */,
				F995E4EE26A99E9700DA5C50 /* Resources */,
			);
			buildRules = (
			);
			dependencies = (
			);
			name = "meng-app";
			productName = "meng-app";
			productReference = F995E4F026A99E9700DA5C50 /* meng-app.app */;
			productType = "com.apple.product-type.application";
		};
/* End PBXNativeTarget section */

/* Begin PBXProject section */
		F995E4E826A99E9700DA5C50 /* Project object */ = {
			isa = PBXProject;
			attributes = {
				LastSwiftUpdateCheck = 1250;
				LastUpgradeCheck = 1250;
				TargetAttributes = {
					F995E4EF26A99E9700DA5C50 = {
						CreatedOnToolsVersion = 12.5.1;
					};
				};
			};
			buildConfigurationList = F995E4EB26A99E9700DA5C50 /* Build configuration list for PBXProject "meng-app" */;
			compatibilityVersion = "Xcode 9.3";
			developmentRegion = en;
			hasScannedForEncodings = 0;
			knownRegions = (
				en,
				Base,
			);
			mainGroup = F995E4E726A99E9700DA5C50;
			productRefGroup = F995E4F126A99E9700DA5C50 /* Products */;
			projectDirPath = "";
			projectRoot = "";
			targets = (
				F995E4EF26A99E9700DA5C50 /* meng-app */,
			);
		};
/* End PBXProject section */

/* Begin PBXResourcesBuildPhase section */
		F995E4EE26A99E9700DA5C50 /* Resources */ = {
			isa = PBXResourcesBuildPhase;
			buildActionMask = 2147483647;
			files = (
				F995E50326A99E9800DA5C50 /* LaunchScreen.storyboard in Resources */,
				F9A45AC726AD392E00B64134 /* Dashboard.storyboard in Resources */,
				F9A45ACA26AD393D00B64134 /* Cats.storyboard in Resources */,
				F995E50026A99E9800DA5C50 /* Assets.xcassets in Resources */,
				F995E4FB26A99E9700DA5C50 /* Main.storyboard in Resources */,
				F9A45AC526AD390D00B64134 /* Calendar.storyboard in Resources */,
				03274CEB26B039CE00B78A54 /* AddNewCat.storyboard in Resources */,
				F995E51C26A9AA5200DA5C50 /* DashboardCellViewController.xib in Resources */,
			);
			runOnlyForDeploymentPostprocessing = 0;
		};
/* End PBXResourcesBuildPhase section */

/* Begin PBXSourcesBuildPhase section */
		F995E4EC26A99E9700DA5C50 /* Sources */ = {
			isa = PBXSourcesBuildPhase;
			buildActionMask = 2147483647;
			files = (
				F94AD29326AEEDCA005686ED /* Cats+CoreDataClass.swift in Sources */,
				F94AD29826AEF19D005686ED /* UiCustom.swift in Sources */,
				F995E4FE26A99E9700DA5C50 /* meng_app.xcdatamodeld in Sources */,
				F94AD29626AEEDCA005686ED /* Activity+CoreDataProperties.swift in Sources */,
				F995E4F826A99E9700DA5C50 /* ViewController.swift in Sources */,
				F995E51626A9A9D000DA5C50 /* DashboardViewController.swift in Sources */,
				F94AD29526AEEDCA005686ED /* Activity+CoreDataClass.swift in Sources */,
				F995E51B26A9AA5200DA5C50 /* DashboardCellViewController.swift in Sources */,
				F995E4F426A99E9700DA5C50 /* AppDelegate.swift in Sources */,
				F94AD29426AEEDCA005686ED /* Cats+CoreDataProperties.swift in Sources */,
				F995E4F626A99E9700DA5C50 /* SceneDelegate.swift in Sources */,
			);
			runOnlyForDeploymentPostprocessing = 0;
		};
/* End PBXSourcesBuildPhase section */

/* Begin PBXVariantGroup section */
		F995E4F926A99E9700DA5C50 /* Main.storyboard */ = {
			isa = PBXVariantGroup;
			children = (
				F995E4FA26A99E9700DA5C50 /* Base */,
			);
			name = Main.storyboard;
			sourceTree = "<group>";
		};
		F995E50126A99E9800DA5C50 /* LaunchScreen.storyboard */ = {
			isa = PBXVariantGroup;
			children = (
				F995E50226A99E9800DA5C50 /* Base */,
			);
			name = LaunchScreen.storyboard;
			sourceTree = "<group>";
		};
		F9A45AC326AD390D00B64134 /* Calendar.storyboard */ = {
			isa = PBXVariantGroup;
			children = (
				F9A45AC426AD390D00B64134 /* Base */,
			);
			name = Calendar.storyboard;
			sourceTree = "<group>";
		};
		F9A45AC826AD393D00B64134 /* Cats.storyboard */ = {
			isa = PBXVariantGroup;
			children = (
				F9A45AC926AD393D00B64134 /* Base */,
			);
			name = Cats.storyboard;
			sourceTree = "<group>";
		};
/* End PBXVariantGroup section */

/* Begin XCBuildConfiguration section */
		F995E50526A99E9800DA5C50 /* Debug */ = {
			isa = XCBuildConfiguration;
			buildSettings = {
				ALWAYS_SEARCH_USER_PATHS = NO;
				CLANG_ANALYZER_NONNULL = YES;
				CLANG_ANALYZER_NUMBER_OBJECT_CONVERSION = YES_AGGRESSIVE;
				CLANG_CXX_LANGUAGE_STANDARD = "gnu++14";
				CLANG_CXX_LIBRARY = "libc++";
				CLANG_ENABLE_MODULES = YES;
				CLANG_ENABLE_OBJC_ARC = YES;
				CLANG_ENABLE_OBJC_WEAK = YES;
				CLANG_WARN_BLOCK_CAPTURE_AUTORELEASING = YES;
				CLANG_WARN_BOOL_CONVERSION = YES;
				CLANG_WARN_COMMA = YES;
				CLANG_WARN_CONSTANT_CONVERSION = YES;
				CLANG_WARN_DEPRECATED_OBJC_IMPLEMENTATIONS = YES;
				CLANG_WARN_DIRECT_OBJC_ISA_USAGE = YES_ERROR;
				CLANG_WARN_DOCUMENTATION_COMMENTS = YES;
				CLANG_WARN_EMPTY_BODY = YES;
				CLANG_WARN_ENUM_CONVERSION = YES;
				CLANG_WARN_INFINITE_RECURSION = YES;
				CLANG_WARN_INT_CONVERSION = YES;
				CLANG_WARN_NON_LITERAL_NULL_CONVERSION = YES;
				CLANG_WARN_OBJC_IMPLICIT_RETAIN_SELF = YES;
				CLANG_WARN_OBJC_LITERAL_CONVERSION = YES;
				CLANG_WARN_OBJC_ROOT_CLASS = YES_ERROR;
				CLANG_WARN_QUOTED_INCLUDE_IN_FRAMEWORK_HEADER = YES;
				CLANG_WARN_RANGE_LOOP_ANALYSIS = YES;
				CLANG_WARN_STRICT_PROTOTYPES = YES;
				CLANG_WARN_SUSPICIOUS_MOVE = YES;
				CLANG_WARN_UNGUARDED_AVAILABILITY = YES_AGGRESSIVE;
				CLANG_WARN_UNREACHABLE_CODE = YES;
				CLANG_WARN__DUPLICATE_METHOD_MATCH = YES;
				COPY_PHASE_STRIP = NO;
				DEBUG_INFORMATION_FORMAT = dwarf;
				ENABLE_STRICT_OBJC_MSGSEND = YES;
				ENABLE_TESTABILITY = YES;
				GCC_C_LANGUAGE_STANDARD = gnu11;
				GCC_DYNAMIC_NO_PIC = NO;
				GCC_NO_COMMON_BLOCKS = YES;
				GCC_OPTIMIZATION_LEVEL = 0;
				GCC_PREPROCESSOR_DEFINITIONS = (
					"DEBUG=1",
					"$(inherited)",
				);
				GCC_WARN_64_TO_32_BIT_CONVERSION = YES;
				GCC_WARN_ABOUT_RETURN_TYPE = YES_ERROR;
				GCC_WARN_UNDECLARED_SELECTOR = YES;
				GCC_WARN_UNINITIALIZED_AUTOS = YES_AGGRESSIVE;
				GCC_WARN_UNUSED_FUNCTION = YES;
				GCC_WARN_UNUSED_VARIABLE = YES;
				IPHONEOS_DEPLOYMENT_TARGET = 14.5;
				MTL_ENABLE_DEBUG_INFO = INCLUDE_SOURCE;
				MTL_FAST_MATH = YES;
				ONLY_ACTIVE_ARCH = YES;
				SDKROOT = iphoneos;
				SWIFT_ACTIVE_COMPILATION_CONDITIONS = DEBUG;
				SWIFT_OPTIMIZATION_LEVEL = "-Onone";
			};
			name = Debug;
		};
		F995E50626A99E9800DA5C50 /* Release */ = {
			isa = XCBuildConfiguration;
			buildSettings = {
				ALWAYS_SEARCH_USER_PATHS = NO;
				CLANG_ANALYZER_NONNULL = YES;
				CLANG_ANALYZER_NUMBER_OBJECT_CONVERSION = YES_AGGRESSIVE;
				CLANG_CXX_LANGUAGE_STANDARD = "gnu++14";
				CLANG_CXX_LIBRARY = "libc++";
				CLANG_ENABLE_MODULES = YES;
				CLANG_ENABLE_OBJC_ARC = YES;
				CLANG_ENABLE_OBJC_WEAK = YES;
				CLANG_WARN_BLOCK_CAPTURE_AUTORELEASING = YES;
				CLANG_WARN_BOOL_CONVERSION = YES;
				CLANG_WARN_COMMA = YES;
				CLANG_WARN_CONSTANT_CONVERSION = YES;
				CLANG_WARN_DEPRECATED_OBJC_IMPLEMENTATIONS = YES;
				CLANG_WARN_DIRECT_OBJC_ISA_USAGE = YES_ERROR;
				CLANG_WARN_DOCUMENTATION_COMMENTS = YES;
				CLANG_WARN_EMPTY_BODY = YES;
				CLANG_WARN_ENUM_CONVERSION = YES;
				CLANG_WARN_INFINITE_RECURSION = YES;
				CLANG_WARN_INT_CONVERSION = YES;
				CLANG_WARN_NON_LITERAL_NULL_CONVERSION = YES;
				CLANG_WARN_OBJC_IMPLICIT_RETAIN_SELF = YES;
				CLANG_WARN_OBJC_LITERAL_CONVERSION = YES;
				CLANG_WARN_OBJC_ROOT_CLASS = YES_ERROR;
				CLANG_WARN_QUOTED_INCLUDE_IN_FRAMEWORK_HEADER = YES;
				CLANG_WARN_RANGE_LOOP_ANALYSIS = YES;
				CLANG_WARN_STRICT_PROTOTYPES = YES;
				CLANG_WARN_SUSPICIOUS_MOVE = YES;
				CLANG_WARN_UNGUARDED_AVAILABILITY = YES_AGGRESSIVE;
				CLANG_WARN_UNREACHABLE_CODE = YES;
				CLANG_WARN__DUPLICATE_METHOD_MATCH = YES;
				COPY_PHASE_STRIP = NO;
				DEBUG_INFORMATION_FORMAT = "dwarf-with-dsym";
				ENABLE_NS_ASSERTIONS = NO;
				ENABLE_STRICT_OBJC_MSGSEND = YES;
				GCC_C_LANGUAGE_STANDARD = gnu11;
				GCC_NO_COMMON_BLOCKS = YES;
				GCC_WARN_64_TO_32_BIT_CONVERSION = YES;
				GCC_WARN_ABOUT_RETURN_TYPE = YES_ERROR;
				GCC_WARN_UNDECLARED_SELECTOR = YES;
				GCC_WARN_UNINITIALIZED_AUTOS = YES_AGGRESSIVE;
				GCC_WARN_UNUSED_FUNCTION = YES;
				GCC_WARN_UNUSED_VARIABLE = YES;
				IPHONEOS_DEPLOYMENT_TARGET = 14.5;
				MTL_ENABLE_DEBUG_INFO = NO;
				MTL_FAST_MATH = YES;
				SDKROOT = iphoneos;
				SWIFT_COMPILATION_MODE = wholemodule;
				SWIFT_OPTIMIZATION_LEVEL = "-O";
				VALIDATE_PRODUCT = YES;
			};
			name = Release;
		};
		F995E50826A99E9800DA5C50 /* Debug */ = {
			isa = XCBuildConfiguration;
			buildSettings = {
				ASSETCATALOG_COMPILER_APPICON_NAME = AppIcon;
				ASSETCATALOG_COMPILER_GLOBAL_ACCENT_COLOR_NAME = AccentColor;
				CODE_SIGN_STYLE = Automatic;
				DEVELOPMENT_TEAM = KBSYTU5GMJ;
				INFOPLIST_FILE = "meng-app/Info.plist";
				LD_RUNPATH_SEARCH_PATHS = (
					"$(inherited)",
					"@executable_path/Frameworks",
				);
				PRODUCT_BUNDLE_IDENTIFIER = "com.hannatassja.meng-app";
				PRODUCT_NAME = "$(TARGET_NAME)";
				SWIFT_VERSION = 5.0;
				TARGETED_DEVICE_FAMILY = "1,2";
			};
			name = Debug;
		};
		F995E50926A99E9800DA5C50 /* Release */ = {
			isa = XCBuildConfiguration;
			buildSettings = {
				ASSETCATALOG_COMPILER_APPICON_NAME = AppIcon;
				ASSETCATALOG_COMPILER_GLOBAL_ACCENT_COLOR_NAME = AccentColor;
				CODE_SIGN_STYLE = Automatic;
				DEVELOPMENT_TEAM = KBSYTU5GMJ;
				INFOPLIST_FILE = "meng-app/Info.plist";
				LD_RUNPATH_SEARCH_PATHS = (
					"$(inherited)",
					"@executable_path/Frameworks",
				);
				PRODUCT_BUNDLE_IDENTIFIER = "com.hannatassja.meng-app";
				PRODUCT_NAME = "$(TARGET_NAME)";
				SWIFT_VERSION = 5.0;
				TARGETED_DEVICE_FAMILY = "1,2";
			};
			name = Release;
		};
/* End XCBuildConfiguration section */

/* Begin XCConfigurationList section */
		F995E4EB26A99E9700DA5C50 /* Build configuration list for PBXProject "meng-app" */ = {
			isa = XCConfigurationList;
			buildConfigurations = (
				F995E50526A99E9800DA5C50 /* Debug */,
				F995E50626A99E9800DA5C50 /* Release */,
			);
			defaultConfigurationIsVisible = 0;
			defaultConfigurationName = Release;
		};
		F995E50726A99E9800DA5C50 /* Build configuration list for PBXNativeTarget "meng-app" */ = {
			isa = XCConfigurationList;
			buildConfigurations = (
				F995E50826A99E9800DA5C50 /* Debug */,
				F995E50926A99E9800DA5C50 /* Release */,
			);
			defaultConfigurationIsVisible = 0;
			defaultConfigurationName = Release;
		};
/* End XCConfigurationList section */

/* Begin XCVersionGroup section */
		F995E4FC26A99E9700DA5C50 /* meng_app.xcdatamodeld */ = {
			isa = XCVersionGroup;
			children = (
				F995E4FD26A99E9700DA5C50 /* meng_app.xcdatamodel */,
			);
			currentVersion = F995E4FD26A99E9700DA5C50 /* meng_app.xcdatamodel */;
			path = meng_app.xcdatamodeld;
			sourceTree = "<group>";
			versionGroupType = wrapper.xcdatamodel;
		};
/* End XCVersionGroup section */
	};
	rootObject = F995E4E826A99E9700DA5C50 /* Project object */;
}
